{
  "requires": true,
  "lockfileVersion": 1,
  "dependencies": {
    "term-size": {
      "version": "2.2.0",
      "resolved": "https://registry.npmjs.org/term-size/-/term-size-2.2.0.tgz",
      "integrity": "sha512-a6sumDlzyHVJWb8+YofY4TW112G6p2FCPEAFk+59gIYHv3XHRhm9ltVQ9kli4hNWeQBwSpe8cRN25x0ROunMOw=="
    }
  }
}
